
Microsoft Visual Studio Solution File, Format Version 12.00
# Visual Studio Version 17
VisualStudioVersion = 17.3.32922.545
MinimumVisualStudioVersion = 10.0.40219.1
Project("{9A19103F-16F7-4668-BE54-9A1E7A4F7556}") = "GunfireRebornBhaptics", "GunfireRebornBhaptics\GunfireRebornBhaptics.csproj", "{31E73CBC-7227-43F8-9A05-28F46FC39943}"
EndProject
Global
	GlobalSection(SolutionConfigurationPlatforms) = preSolution
		Debug|Any CPU = Debug|Any CPU
		Release|Any CPU = Release|Any CPU
	EndGlobalSection
	GlobalSection(ProjectConfigurationPlatforms) = postSolution
		{31E73CBC-7227-43F8-9A05-28F46FC39943}.Debug|Any CPU.ActiveCfg = Release|Any CPU
		{31E73CBC-7227-43F8-9A05-28F46FC39943}.Debug|Any CPU.Build.0 = Release|Any CPU
		{31E73CBC-7227-43F8-9A05-28F46FC39943}.Release|Any CPU.ActiveCfg = Release|Any CPU
		{31E73CBC-7227-43F8-9A05-28F46FC39943}.Release|Any CPU.Build.0 = Release|Any CPU
	EndGlobalSection
	GlobalSection(SolutionProperties) = preSolution
		HideSolutionNode = FALSE
	EndGlobalSection
	GlobalSection(ExtensibilityGlobals) = postSolution
		SolutionGuid = {6D0542F6-7E2A-4F29-B5D3-18E36289B3D6}
	EndGlobalSection
EndGlobal
